
Microsoft Visual Studio Solution File, Format Version 12.00
# Visual Studio Version 17
VisualStudioVersion = 17.13.35913.81
MinimumVisualStudioVersion = 10.0.40219.1
Project("{FAE04EC0-301F-11D3-BF4B-00C04F79EFBC}") = "Post.API", "PostService\Post.API\Post.API.csproj", "{C58BB8F9-47BE-E1D7-98BD-6525AE8208EF}"
EndProject
Project("{FAE04EC0-301F-11D3-BF4B-00C04F79EFBC}") = "Post.App", "PostService\Post.App\Post.App.csproj", "{AE7FF9A9-CE7A-71FF-E636-611964B035BB}"
EndProject
Project("{FAE04EC0-301F-11D3-BF4B-00C04F79EFBC}") = "Post.Core", "PostService\Post.Core\Post.Core.csproj", "{3408A67C-674B-679B-4607-069511882E1B}"
EndProject
Project("{FAE04EC0-301F-11D3-BF4B-00C04F79EFBC}") = "Post.DAL", "PostService\Post.DAL\Post.DAL.csproj", "{71DDB7BC-A6C9-0B1C-68F6-A5FD06F5BD7B}"
EndProject
Project("{FAE04EC0-301F-11D3-BF4B-00C04F79EFBC}") = "User.API", "UserService\User.API\User.API.csproj", "{64DD6E34-CB65-DB14-5D9A-1D7D59E52628}"
EndProject
Project("{FAE04EC0-301F-11D3-BF4B-00C04F79EFBC}") = "User.App", "UserService\User.App\User.App.csproj", "{1961FB3D-11DB-5CD6-922D-3BC90F66133C}"
EndProject
Project("{FAE04EC0-301F-11D3-BF4B-00C04F79EFBC}") = "User.Core", "UserService\User.Core\User.Core.csproj", "{AFAF79FB-93BA-663E-0FC1-1F14786C5546}"
EndProject
Project("{FAE04EC0-301F-11D3-BF4B-00C04F79EFBC}") = "User.DAL", "UserService\User.DAL\User.DAL.csproj", "{3D0FD953-F41F-4988-C0AF-8D5D6665EFF8}"
EndProject
Project("{2150E333-8FDC-42A3-9474-1A3956D46DE8}") = "PostService", "PostService", "{02EA681E-C7D8-13C7-8484-4AC65E1B71E8}"
EndProject
Project("{2150E333-8FDC-42A3-9474-1A3956D46DE8}") = "UserService", "UserService", "{E3DF1090-E372-4F2D-8252-029F8B26CE03}"
EndProject
Global
	GlobalSection(SolutionConfigurationPlatforms) = preSolution
		Debug|Any CPU = Debug|Any CPU
		Release|Any CPU = Release|Any CPU
	EndGlobalSection
	GlobalSection(ProjectConfigurationPlatforms) = postSolution
		{C58BB8F9-47BE-E1D7-98BD-6525AE8208EF}.Debug|Any CPU.ActiveCfg = Debug|Any CPU
		{C58BB8F9-47BE-E1D7-98BD-6525AE8208EF}.Debug|Any CPU.Build.0 = Debug|Any CPU
		{C58BB8F9-47BE-E1D7-98BD-6525AE8208EF}.Release|Any CPU.ActiveCfg = Release|Any CPU
		{C58BB8F9-47BE-E1D7-98BD-6525AE8208EF}.Release|Any CPU.Build.0 = Release|Any CPU
		{AE7FF9A9-CE7A-71FF-E636-611964B035BB}.Debug|Any CPU.ActiveCfg = Debug|Any CPU
		{AE7FF9A9-CE7A-71FF-E636-611964B035BB}.Debug|Any CPU.Build.0 = Debug|Any CPU
		{AE7FF9A9-CE7A-71FF-E636-611964B035BB}.Release|Any CPU.ActiveCfg = Release|Any CPU
		{AE7FF9A9-CE7A-71FF-E636-611964B035BB}.Release|Any CPU.Build.0 = Release|Any CPU
		{3408A67C-674B-679B-4607-069511882E1B}.Debug|Any CPU.ActiveCfg = Debug|Any CPU
		{3408A67C-674B-679B-4607-069511882E1B}.Debug|Any CPU.Build.0 = Debug|Any CPU
		{3408A67C-674B-679B-4607-069511882E1B}.Release|Any CPU.ActiveCfg = Release|Any CPU
		{3408A67C-674B-679B-4607-069511882E1B}.Release|Any CPU.Build.0 = Release|Any CPU
		{71DDB7BC-A6C9-0B1C-68F6-A5FD06F5BD7B}.Debug|Any CPU.ActiveCfg = Debug|Any CPU
		{71DDB7BC-A6C9-0B1C-68F6-A5FD06F5BD7B}.Debug|Any CPU.Build.0 = Debug|Any CPU
		{71DDB7BC-A6C9-0B1C-68F6-A5FD06F5BD7B}.Release|Any CPU.ActiveCfg = Release|Any CPU
		{71DDB7BC-A6C9-0B1C-68F6-A5FD06F5BD7B}.Release|Any CPU.Build.0 = Release|Any CPU
		{64DD6E34-CB65-DB14-5D9A-1D7D59E52628}.Debug|Any CPU.ActiveCfg = Debug|Any CPU
		{64DD6E34-CB65-DB14-5D9A-1D7D59E52628}.Debug|Any CPU.Build.0 = Debug|Any CPU
		{64DD6E34-CB65-DB14-5D9A-1D7D59E52628}.Release|Any CPU.ActiveCfg = Release|Any CPU
		{64DD6E34-CB65-DB14-5D9A-1D7D59E52628}.Release|Any CPU.Build.0 = Release|Any CPU
		{1961FB3D-11DB-5CD6-922D-3BC90F66133C}.Debug|Any CPU.ActiveCfg = Debug|Any CPU
		{1961FB3D-11DB-5CD6-922D-3BC90F66133C}.Debug|Any CPU.Build.0 = Debug|Any CPU
		{1961FB3D-11DB-5CD6-922D-3BC90F66133C}.Release|Any CPU.ActiveCfg = Release|Any CPU
		{1961FB3D-11DB-5CD6-922D-3BC90F66133C}.Release|Any CPU.Build.0 = Release|Any CPU
		{AFAF79FB-93BA-663E-0FC1-1F14786C5546}.Debug|Any CPU.ActiveCfg = Debug|Any CPU
		{AFAF79FB-93BA-663E-0FC1-1F14786C5546}.Debug|Any CPU.Build.0 = Debug|Any CPU
		{AFAF79FB-93BA-663E-0FC1-1F14786C5546}.Release|Any CPU.ActiveCfg = Release|Any CPU
		{AFAF79FB-93BA-663E-0FC1-1F14786C5546}.Release|Any CPU.Build.0 = Release|Any CPU
		{3D0FD953-F41F-4988-C0AF-8D5D6665EFF8}.Debug|Any CPU.ActiveCfg = Debug|Any CPU
		{3D0FD953-F41F-4988-C0AF-8D5D6665EFF8}.Debug|Any CPU.Build.0 = Debug|Any CPU
		{3D0FD953-F41F-4988-C0AF-8D5D6665EFF8}.Release|Any CPU.ActiveCfg = Release|Any CPU
		{3D0FD953-F41F-4988-C0AF-8D5D6665EFF8}.Release|Any CPU.Build.0 = Release|Any CPU
	EndGlobalSection
	GlobalSection(SolutionProperties) = preSolution
		HideSolutionNode = FALSE
	EndGlobalSection
	GlobalSection(NestedProjects) = preSolution
		{C58BB8F9-47BE-E1D7-98BD-6525AE8208EF} = {02EA681E-C7D8-13C7-8484-4AC65E1B71E8}
		{AE7FF9A9-CE7A-71FF-E636-611964B035BB} = {02EA681E-C7D8-13C7-8484-4AC65E1B71E8}
		{3408A67C-674B-679B-4607-069511882E1B} = {02EA681E-C7D8-13C7-8484-4AC65E1B71E8}
		{71DDB7BC-A6C9-0B1C-68F6-A5FD06F5BD7B} = {02EA681E-C7D8-13C7-8484-4AC65E1B71E8}
		{64DD6E34-CB65-DB14-5D9A-1D7D59E52628} = {E3DF1090-E372-4F2D-8252-029F8B26CE03}
		{1961FB3D-11DB-5CD6-922D-3BC90F66133C} = {E3DF1090-E372-4F2D-8252-029F8B26CE03}
		{AFAF79FB-93BA-663E-0FC1-1F14786C5546} = {E3DF1090-E372-4F2D-8252-029F8B26CE03}
		{3D0FD953-F41F-4988-C0AF-8D5D6665EFF8} = {E3DF1090-E372-4F2D-8252-029F8B26CE03}
	EndGlobalSection
	GlobalSection(ExtensibilityGlobals) = postSolution
		SolutionGuid = {5EF7F81D-2EBD-4F57-B752-695895B8B742}
	EndGlobalSection
EndGlobal
